
Microsoft Visual Studio Solution File, Format Version 12.00
# Visual Studio Version 17
VisualStudioVersion = 17.0.31903.59
MinimumVisualStudioVersion = 10.0.40219.1
Project("{2150E333-8FDC-42A3-9474-1A3956D46DE8}") = "src", "src", "{2A89A6ED-CDFA-40A9-802D-FE93085F9006}"
EndProject
Project("{2150E333-8FDC-42A3-9474-1A3956D46DE8}") = "Services", "Services", "{1FA00260-B2BA-4A42-B7C0-C90A5075DC72}"
EndProject
Project("{2150E333-8FDC-42A3-9474-1A3956D46DE8}") = "MarketDataService", "MarketDataService", "{4683992A-68FB-4C67-9524-0D89ED84D057}"
EndProject
Project("{9A19103F-16F7-4668-BE54-9A1E7A4F7556}") = "MarketData.API", "src\Services\MarketDataService\MarketData.API\MarketData.API.csproj", "{489B3A59-5DAA-4791-BF35-B7BC58A36577}"
EndProject
Project("{9A19103F-16F7-4668-BE54-9A1E7A4F7556}") = "RefData.API", "src\Services\RefdataService\RefData.API\RefData.API.csproj", "{20BD06E9-8525-40EB-A95B-BC4CA2AA5A19}"
EndProject
Project("{2150E333-8FDC-42A3-9474-1A3956D46DE8}") = "RefDataService", "RefDataService", "{4290F254-8A1A-4BA0-921C-F6E5F876A61F}"
EndProject
Project("{2150E333-8FDC-42A3-9474-1A3956D46DE8}") = "NotificationService", "NotificationService", "{CB0CD058-3F90-4F7D-8C07-10E2C8C0073B}"
EndProject
Project("{9A19103F-16F7-4668-BE54-9A1E7A4F7556}") = "Notifications.Application", "src\Services\NotificationService\Application\Notifications.Application.csproj", "{D82A9711-B8C4-46D5-9F83-71BBF2DF2D85}"
EndProject
Project("{9A19103F-16F7-4668-BE54-9A1E7A4F7556}") = "Notifications.Domain", "src\Services\NotificationService\Domain\Notifications.Domain.csproj", "{1FB438DD-322D-452D-B165-7E9F5810B472}"
EndProject
Project("{9A19103F-16F7-4668-BE54-9A1E7A4F7556}") = "Notifications.Infrastructure", "src\Services\NotificationService\Infrastructure\Notifications.Infrastructure.csproj", "{72BA4091-C4EB-41F5-8F3E-36D4BE9AAEF4}"
EndProject
Project("{9A19103F-16F7-4668-BE54-9A1E7A4F7556}") = "Notifications.Api", "src\Services\NotificationService\Api\Notifications.Api.csproj", "{DEF309E8-8FD8-420D-88C9-15A42149AC28}"
EndProject
Project("{2150E333-8FDC-42A3-9474-1A3956D46DE8}") = "BuildingBlocks", "BuildingBlocks", "{D3F502D6-A4BB-4DA4-9435-6B1FDE7CBD4E}"
EndProject
Project("{9A19103F-16F7-4668-BE54-9A1E7A4F7556}") = "EventBus.RabbitMQ", "src\BuildingBlocks\EventBus\EventBus.RabbitMQ\EventBus.RabbitMQ.csproj", "{8A04A510-D21E-4E32-A471-43278613600F}"
EndProject
Project("{2150E333-8FDC-42A3-9474-1A3956D46DE8}") = "EventBus", "EventBus", "{8329A6FA-025F-4B95-8A81-48D40113F6CF}"
EndProject
Project("{2150E333-8FDC-42A3-9474-1A3956D46DE8}") = "EnvoyGateway", "EnvoyGateway", "{91AB2D5B-BEC6-4EF0-8773-2EF3C63033E9}"
	ProjectSection(SolutionItems) = preProject
		src\BuildingBlocks\Envoy\dockerfile = src\BuildingBlocks\Envoy\dockerfile
		src\BuildingBlocks\Envoy\envoy.yaml = src\BuildingBlocks\Envoy\envoy.yaml
	EndProjectSection
EndProject
Project("{2150E333-8FDC-42A3-9474-1A3956D46DE8}") = "TradeService", "TradeService", "{31691EF5-9EF3-4A66-B24A-599703345C53}"
EndProject
Project("{9A19103F-16F7-4668-BE54-9A1E7A4F7556}") = "Trades.Infrastructure", "src\Services\TradeService\Infrastructure\Trades.Infrastructure.csproj", "{53735067-EEB3-4CD2-859A-50662AEE0DF2}"
EndProject
Project("{9A19103F-16F7-4668-BE54-9A1E7A4F7556}") = "Trades.Domain", "src\Services\TradeService\Domain\Trades.Domain.csproj", "{7C8031F9-0897-41ED-93E9-19D7CD4BA123}"
EndProject
Project("{9A19103F-16F7-4668-BE54-9A1E7A4F7556}") = "Trades.Application", "src\Services\TradeService\Application\Trades.Application.csproj", "{23C86ABA-8F2A-4C7B-9E7A-853B8ECBB39E}"
EndProject
Project("{9A19103F-16F7-4668-BE54-9A1E7A4F7556}") = "Trades.Api", "src\Services\TradeService\Api\Trades.Api.csproj", "{051AE10D-1ED6-4FA5-9DA4-6E30C104E089}"
EndProject
Project("{2150E333-8FDC-42A3-9474-1A3956D46DE8}") = "CommunicationService", "CommunicationService", "{12EF8C7A-4B27-4C28-AAA5-6F312D299641}"
EndProject
Project("{9A19103F-16F7-4668-BE54-9A1E7A4F7556}") = "Communications.Api", "src\Services\CommunicationService\Communication.Api\Communications.Api.csproj", "{4DD21EE5-63E5-488D-AEAB-A357425B1472}"
EndProject
Project("{E53339B2-1760-4266-BCC7-CA923CBCF16C}") = "docker-compose", "docker-compose.dcproj", "{022E4884-62E2-4F69-BA12-ED4ED9CC565A}"
EndProject
Project("{2150E333-8FDC-42A3-9474-1A3956D46DE8}") = "Identity", "Identity", "{4CF3B607-2EDD-47A7-97F3-B538AD534E95}"
EndProject
Project("{9A19103F-16F7-4668-BE54-9A1E7A4F7556}") = "Identity.API", "src\BuildingBlocks\Identity\Identity.API\Identity.API.csproj", "{EF15EC2C-A7B8-4C32-9E15-E4F82C5BC315}"
EndProject
Project("{2150E333-8FDC-42A3-9474-1A3956D46DE8}") = "Test", "Test", "{D222E242-6965-48E2-B408-7714DB4779BC}"
EndProject
Project("{2150E333-8FDC-42A3-9474-1A3956D46DE8}") = "Services", "Services", "{274931E9-9BFF-41D9-A3BB-696DE49DDDAA}"
EndProject
Project("{FAE04EC0-301F-11D3-BF4B-00C04F79EFBC}") = "Trades.Test", "test\Services\Trades\Trades.Test\Trades.Test.csproj", "{0763B56A-DEEF-4127-90A4-D672ACF8897D}"
EndProject
Global
	GlobalSection(SolutionConfigurationPlatforms) = preSolution
		Debug|Any CPU = Debug|Any CPU
		Release|Any CPU = Release|Any CPU
	EndGlobalSection
	GlobalSection(ProjectConfigurationPlatforms) = postSolution
		{489B3A59-5DAA-4791-BF35-B7BC58A36577}.Debug|Any CPU.ActiveCfg = Debug|Any CPU
		{489B3A59-5DAA-4791-BF35-B7BC58A36577}.Debug|Any CPU.Build.0 = Debug|Any CPU
		{489B3A59-5DAA-4791-BF35-B7BC58A36577}.Release|Any CPU.ActiveCfg = Release|Any CPU
		{489B3A59-5DAA-4791-BF35-B7BC58A36577}.Release|Any CPU.Build.0 = Release|Any CPU
		{20BD06E9-8525-40EB-A95B-BC4CA2AA5A19}.Debug|Any CPU.ActiveCfg = Debug|Any CPU
		{20BD06E9-8525-40EB-A95B-BC4CA2AA5A19}.Debug|Any CPU.Build.0 = Debug|Any CPU
		{20BD06E9-8525-40EB-A95B-BC4CA2AA5A19}.Release|Any CPU.ActiveCfg = Release|Any CPU
		{20BD06E9-8525-40EB-A95B-BC4CA2AA5A19}.Release|Any CPU.Build.0 = Release|Any CPU
		{D82A9711-B8C4-46D5-9F83-71BBF2DF2D85}.Debug|Any CPU.ActiveCfg = Debug|Any CPU
		{D82A9711-B8C4-46D5-9F83-71BBF2DF2D85}.Debug|Any CPU.Build.0 = Debug|Any CPU
		{D82A9711-B8C4-46D5-9F83-71BBF2DF2D85}.Release|Any CPU.ActiveCfg = Release|Any CPU
		{D82A9711-B8C4-46D5-9F83-71BBF2DF2D85}.Release|Any CPU.Build.0 = Release|Any CPU
		{1FB438DD-322D-452D-B165-7E9F5810B472}.Debug|Any CPU.ActiveCfg = Debug|Any CPU
		{1FB438DD-322D-452D-B165-7E9F5810B472}.Debug|Any CPU.Build.0 = Debug|Any CPU
		{1FB438DD-322D-452D-B165-7E9F5810B472}.Release|Any CPU.ActiveCfg = Release|Any CPU
		{1FB438DD-322D-452D-B165-7E9F5810B472}.Release|Any CPU.Build.0 = Release|Any CPU
		{72BA4091-C4EB-41F5-8F3E-36D4BE9AAEF4}.Debug|Any CPU.ActiveCfg = Debug|Any CPU
		{72BA4091-C4EB-41F5-8F3E-36D4BE9AAEF4}.Debug|Any CPU.Build.0 = Debug|Any CPU
		{72BA4091-C4EB-41F5-8F3E-36D4BE9AAEF4}.Release|Any CPU.ActiveCfg = Release|Any CPU
		{72BA4091-C4EB-41F5-8F3E-36D4BE9AAEF4}.Release|Any CPU.Build.0 = Release|Any CPU
		{DEF309E8-8FD8-420D-88C9-15A42149AC28}.Debug|Any CPU.ActiveCfg = Debug|Any CPU
		{DEF309E8-8FD8-420D-88C9-15A42149AC28}.Debug|Any CPU.Build.0 = Debug|Any CPU
		{DEF309E8-8FD8-420D-88C9-15A42149AC28}.Release|Any CPU.ActiveCfg = Release|Any CPU
		{DEF309E8-8FD8-420D-88C9-15A42149AC28}.Release|Any CPU.Build.0 = Release|Any CPU
		{8A04A510-D21E-4E32-A471-43278613600F}.Debug|Any CPU.ActiveCfg = Debug|Any CPU
		{8A04A510-D21E-4E32-A471-43278613600F}.Debug|Any CPU.Build.0 = Debug|Any CPU
		{8A04A510-D21E-4E32-A471-43278613600F}.Release|Any CPU.ActiveCfg = Release|Any CPU
		{8A04A510-D21E-4E32-A471-43278613600F}.Release|Any CPU.Build.0 = Release|Any CPU
		{53735067-EEB3-4CD2-859A-50662AEE0DF2}.Debug|Any CPU.ActiveCfg = Debug|Any CPU
		{53735067-EEB3-4CD2-859A-50662AEE0DF2}.Debug|Any CPU.Build.0 = Debug|Any CPU
		{53735067-EEB3-4CD2-859A-50662AEE0DF2}.Release|Any CPU.ActiveCfg = Release|Any CPU
		{53735067-EEB3-4CD2-859A-50662AEE0DF2}.Release|Any CPU.Build.0 = Release|Any CPU
		{7C8031F9-0897-41ED-93E9-19D7CD4BA123}.Debug|Any CPU.ActiveCfg = Debug|Any CPU
		{7C8031F9-0897-41ED-93E9-19D7CD4BA123}.Debug|Any CPU.Build.0 = Debug|Any CPU
		{7C8031F9-0897-41ED-93E9-19D7CD4BA123}.Release|Any CPU.ActiveCfg = Release|Any CPU
		{7C8031F9-0897-41ED-93E9-19D7CD4BA123}.Release|Any CPU.Build.0 = Release|Any CPU
		{23C86ABA-8F2A-4C7B-9E7A-853B8ECBB39E}.Debug|Any CPU.ActiveCfg = Debug|Any CPU
		{23C86ABA-8F2A-4C7B-9E7A-853B8ECBB39E}.Debug|Any CPU.Build.0 = Debug|Any CPU
		{23C86ABA-8F2A-4C7B-9E7A-853B8ECBB39E}.Release|Any CPU.ActiveCfg = Release|Any CPU
		{23C86ABA-8F2A-4C7B-9E7A-853B8ECBB39E}.Release|Any CPU.Build.0 = Release|Any CPU
		{051AE10D-1ED6-4FA5-9DA4-6E30C104E089}.Debug|Any CPU.ActiveCfg = Debug|Any CPU
		{051AE10D-1ED6-4FA5-9DA4-6E30C104E089}.Debug|Any CPU.Build.0 = Debug|Any CPU
		{051AE10D-1ED6-4FA5-9DA4-6E30C104E089}.Release|Any CPU.ActiveCfg = Release|Any CPU
		{051AE10D-1ED6-4FA5-9DA4-6E30C104E089}.Release|Any CPU.Build.0 = Release|Any CPU
		{4DD21EE5-63E5-488D-AEAB-A357425B1472}.Debug|Any CPU.ActiveCfg = Debug|Any CPU
		{4DD21EE5-63E5-488D-AEAB-A357425B1472}.Debug|Any CPU.Build.0 = Debug|Any CPU
		{4DD21EE5-63E5-488D-AEAB-A357425B1472}.Release|Any CPU.ActiveCfg = Release|Any CPU
		{4DD21EE5-63E5-488D-AEAB-A357425B1472}.Release|Any CPU.Build.0 = Release|Any CPU
		{022E4884-62E2-4F69-BA12-ED4ED9CC565A}.Debug|Any CPU.ActiveCfg = Debug|Any CPU
		{022E4884-62E2-4F69-BA12-ED4ED9CC565A}.Debug|Any CPU.Build.0 = Debug|Any CPU
		{022E4884-62E2-4F69-BA12-ED4ED9CC565A}.Release|Any CPU.ActiveCfg = Release|Any CPU
		{022E4884-62E2-4F69-BA12-ED4ED9CC565A}.Release|Any CPU.Build.0 = Release|Any CPU
		{EF15EC2C-A7B8-4C32-9E15-E4F82C5BC315}.Debug|Any CPU.ActiveCfg = Debug|Any CPU
		{EF15EC2C-A7B8-4C32-9E15-E4F82C5BC315}.Debug|Any CPU.Build.0 = Debug|Any CPU
		{EF15EC2C-A7B8-4C32-9E15-E4F82C5BC315}.Release|Any CPU.ActiveCfg = Release|Any CPU
		{EF15EC2C-A7B8-4C32-9E15-E4F82C5BC315}.Release|Any CPU.Build.0 = Release|Any CPU
		{0763B56A-DEEF-4127-90A4-D672ACF8897D}.Debug|Any CPU.ActiveCfg = Debug|Any CPU
		{0763B56A-DEEF-4127-90A4-D672ACF8897D}.Debug|Any CPU.Build.0 = Debug|Any CPU
		{0763B56A-DEEF-4127-90A4-D672ACF8897D}.Release|Any CPU.ActiveCfg = Release|Any CPU
		{0763B56A-DEEF-4127-90A4-D672ACF8897D}.Release|Any CPU.Build.0 = Release|Any CPU
	EndGlobalSection
	GlobalSection(SolutionProperties) = preSolution
		HideSolutionNode = FALSE
	EndGlobalSection
	GlobalSection(NestedProjects) = preSolution
		{1FA00260-B2BA-4A42-B7C0-C90A5075DC72} = {2A89A6ED-CDFA-40A9-802D-FE93085F9006}
		{4683992A-68FB-4C67-9524-0D89ED84D057} = {1FA00260-B2BA-4A42-B7C0-C90A5075DC72}
		{489B3A59-5DAA-4791-BF35-B7BC58A36577} = {4683992A-68FB-4C67-9524-0D89ED84D057}
		{20BD06E9-8525-40EB-A95B-BC4CA2AA5A19} = {4290F254-8A1A-4BA0-921C-F6E5F876A61F}
		{4290F254-8A1A-4BA0-921C-F6E5F876A61F} = {1FA00260-B2BA-4A42-B7C0-C90A5075DC72}
		{CB0CD058-3F90-4F7D-8C07-10E2C8C0073B} = {1FA00260-B2BA-4A42-B7C0-C90A5075DC72}
		{D82A9711-B8C4-46D5-9F83-71BBF2DF2D85} = {CB0CD058-3F90-4F7D-8C07-10E2C8C0073B}
		{1FB438DD-322D-452D-B165-7E9F5810B472} = {CB0CD058-3F90-4F7D-8C07-10E2C8C0073B}
		{72BA4091-C4EB-41F5-8F3E-36D4BE9AAEF4} = {CB0CD058-3F90-4F7D-8C07-10E2C8C0073B}
		{DEF309E8-8FD8-420D-88C9-15A42149AC28} = {CB0CD058-3F90-4F7D-8C07-10E2C8C0073B}
		{D3F502D6-A4BB-4DA4-9435-6B1FDE7CBD4E} = {2A89A6ED-CDFA-40A9-802D-FE93085F9006}
		{8A04A510-D21E-4E32-A471-43278613600F} = {8329A6FA-025F-4B95-8A81-48D40113F6CF}
		{8329A6FA-025F-4B95-8A81-48D40113F6CF} = {D3F502D6-A4BB-4DA4-9435-6B1FDE7CBD4E}
		{91AB2D5B-BEC6-4EF0-8773-2EF3C63033E9} = {D3F502D6-A4BB-4DA4-9435-6B1FDE7CBD4E}
		{31691EF5-9EF3-4A66-B24A-599703345C53} = {1FA00260-B2BA-4A42-B7C0-C90A5075DC72}
		{53735067-EEB3-4CD2-859A-50662AEE0DF2} = {31691EF5-9EF3-4A66-B24A-599703345C53}
		{7C8031F9-0897-41ED-93E9-19D7CD4BA123} = {31691EF5-9EF3-4A66-B24A-599703345C53}
		{23C86ABA-8F2A-4C7B-9E7A-853B8ECBB39E} = {31691EF5-9EF3-4A66-B24A-599703345C53}
		{051AE10D-1ED6-4FA5-9DA4-6E30C104E089} = {31691EF5-9EF3-4A66-B24A-599703345C53}
		{12EF8C7A-4B27-4C28-AAA5-6F312D299641} = {1FA00260-B2BA-4A42-B7C0-C90A5075DC72}
		{4DD21EE5-63E5-488D-AEAB-A357425B1472} = {12EF8C7A-4B27-4C28-AAA5-6F312D299641}
		{4CF3B607-2EDD-47A7-97F3-B538AD534E95} = {D3F502D6-A4BB-4DA4-9435-6B1FDE7CBD4E}
		{EF15EC2C-A7B8-4C32-9E15-E4F82C5BC315} = {4CF3B607-2EDD-47A7-97F3-B538AD534E95}
		{274931E9-9BFF-41D9-A3BB-696DE49DDDAA} = {D222E242-6965-48E2-B408-7714DB4779BC}
		{0763B56A-DEEF-4127-90A4-D672ACF8897D} = {274931E9-9BFF-41D9-A3BB-696DE49DDDAA}
	EndGlobalSection
	GlobalSection(ExtensibilityGlobals) = postSolution
		SolutionGuid = {0A7F9413-9CE9-46B7-8534-A70998302F00}
	EndGlobalSection
EndGlobal
